
Microsoft Visual Studio Solution File, Format Version 12.00
# Visual Studio Version 17
VisualStudioVersion = 17.8.34525.116
MinimumVisualStudioVersion = 10.0.40219.1
Project("{9A19103F-16F7-4668-BE54-9A1E7A4F7556}") = "L1", "L1\L1.csproj", "{0B9496AD-A108-4407-90F9-672EB85ED53F}"
EndProject
Project("{9A19103F-16F7-4668-BE54-9A1E7A4F7556}") = "SalesmanSolver", "SalesmanSolver\SalesmanSolver.csproj", "{5076BCFA-4A77-42B7-A1AD-379D0C424C76}"
EndProject
Project("{9A19103F-16F7-4668-BE54-9A1E7A4F7556}") = "L2Server", "L2Server\L2Server.csproj", "{63718155-ABBB-4CEA-9843-D884A395B1ED}"
EndProject
Project("{9A19103F-16F7-4668-BE54-9A1E7A4F7556}") = "L3Client", "L3Client\L3Client.csproj", "{FDF2B756-3B81-4B9D-84D7-1781C3421982}"
EndProject
Project("{9A19103F-16F7-4668-BE54-9A1E7A4F7556}") = "L4Client", "L4Client\L4Client.csproj", "{A5AF2E7D-E807-4CFD-A1A1-F827B2B72B78}"
EndProject
Project("{9A19103F-16F7-4668-BE54-9A1E7A4F7556}") = "L4Server", "L4Server\L4Server.csproj", "{50358134-51EB-4C54-B7B6-0ED810474DA9}"
EndProject
Project("{9A19103F-16F7-4668-BE54-9A1E7A4F7556}") = "L7", "L7\L7.csproj", "{2367691B-598C-4E09-A9BF-EEE06B136228}"
EndProject
Project("{9A19103F-16F7-4668-BE54-9A1E7A4F7556}") = "L8Application", "L8Application\L8Application.csproj", "{259A8B8C-41A8-424A-97CF-498A8D6A8F25}"
EndProject
Project("{FAE04EC0-301F-11D3-BF4B-00C04F79EFBC}") = "L8COM", "L8COM\L8COM.csproj", "{ADEAD332-ADFA-49AA-9D03-280AA663E168}"
EndProject
Global
	GlobalSection(SolutionConfigurationPlatforms) = preSolution
		Debug|Any CPU = Debug|Any CPU
		Debug|x64 = Debug|x64
		Debug|x86 = Debug|x86
		Release|Any CPU = Release|Any CPU
		Release|x64 = Release|x64
		Release|x86 = Release|x86
	EndGlobalSection
	GlobalSection(ProjectConfigurationPlatforms) = postSolution
		{0B9496AD-A108-4407-90F9-672EB85ED53F}.Debug|Any CPU.ActiveCfg = Debug|Any CPU
		{0B9496AD-A108-4407-90F9-672EB85ED53F}.Debug|Any CPU.Build.0 = Debug|Any CPU
		{0B9496AD-A108-4407-90F9-672EB85ED53F}.Debug|x64.ActiveCfg = Debug|Any CPU
		{0B9496AD-A108-4407-90F9-672EB85ED53F}.Debug|x64.Build.0 = Debug|Any CPU
		{0B9496AD-A108-4407-90F9-672EB85ED53F}.Debug|x86.ActiveCfg = Debug|Any CPU
		{0B9496AD-A108-4407-90F9-672EB85ED53F}.Debug|x86.Build.0 = Debug|Any CPU
		{0B9496AD-A108-4407-90F9-672EB85ED53F}.Release|Any CPU.ActiveCfg = Release|Any CPU
		{0B9496AD-A108-4407-90F9-672EB85ED53F}.Release|Any CPU.Build.0 = Release|Any CPU
		{0B9496AD-A108-4407-90F9-672EB85ED53F}.Release|x64.ActiveCfg = Release|Any CPU
		{0B9496AD-A108-4407-90F9-672EB85ED53F}.Release|x64.Build.0 = Release|Any CPU
		{0B9496AD-A108-4407-90F9-672EB85ED53F}.Release|x86.ActiveCfg = Release|Any CPU
		{0B9496AD-A108-4407-90F9-672EB85ED53F}.Release|x86.Build.0 = Release|Any CPU
		{5076BCFA-4A77-42B7-A1AD-379D0C424C76}.Debug|Any CPU.ActiveCfg = Debug|Any CPU
		{5076BCFA-4A77-42B7-A1AD-379D0C424C76}.Debug|Any CPU.Build.0 = Debug|Any CPU
		{5076BCFA-4A77-42B7-A1AD-379D0C424C76}.Debug|x64.ActiveCfg = Debug|Any CPU
		{5076BCFA-4A77-42B7-A1AD-379D0C424C76}.Debug|x64.Build.0 = Debug|Any CPU
		{5076BCFA-4A77-42B7-A1AD-379D0C424C76}.Debug|x86.ActiveCfg = Debug|Any CPU
		{5076BCFA-4A77-42B7-A1AD-379D0C424C76}.Debug|x86.Build.0 = Debug|Any CPU
		{5076BCFA-4A77-42B7-A1AD-379D0C424C76}.Release|Any CPU.ActiveCfg = Release|Any CPU
		{5076BCFA-4A77-42B7-A1AD-379D0C424C76}.Release|Any CPU.Build.0 = Release|Any CPU
		{5076BCFA-4A77-42B7-A1AD-379D0C424C76}.Release|x64.ActiveCfg = Release|Any CPU
		{5076BCFA-4A77-42B7-A1AD-379D0C424C76}.Release|x64.Build.0 = Release|Any CPU
		{5076BCFA-4A77-42B7-A1AD-379D0C424C76}.Release|x86.ActiveCfg = Release|Any CPU
		{5076BCFA-4A77-42B7-A1AD-379D0C424C76}.Release|x86.Build.0 = Release|Any CPU
		{63718155-ABBB-4CEA-9843-D884A395B1ED}.Debug|Any CPU.ActiveCfg = Debug|Any CPU
		{63718155-ABBB-4CEA-9843-D884A395B1ED}.Debug|Any CPU.Build.0 = Debug|Any CPU
		{63718155-ABBB-4CEA-9843-D884A395B1ED}.Debug|x64.ActiveCfg = Debug|Any CPU
		{63718155-ABBB-4CEA-9843-D884A395B1ED}.Debug|x64.Build.0 = Debug|Any CPU
		{63718155-ABBB-4CEA-9843-D884A395B1ED}.Debug|x86.ActiveCfg = Debug|Any CPU
		{63718155-ABBB-4CEA-9843-D884A395B1ED}.Debug|x86.Build.0 = Debug|Any CPU
		{63718155-ABBB-4CEA-9843-D884A395B1ED}.Release|Any CPU.ActiveCfg = Release|Any CPU
		{63718155-ABBB-4CEA-9843-D884A395B1ED}.Release|Any CPU.Build.0 = Release|Any CPU
		{63718155-ABBB-4CEA-9843-D884A395B1ED}.Release|x64.ActiveCfg = Release|Any CPU
		{63718155-ABBB-4CEA-9843-D884A395B1ED}.Release|x64.Build.0 = Release|Any CPU
		{63718155-ABBB-4CEA-9843-D884A395B1ED}.Release|x86.ActiveCfg = Release|Any CPU
		{63718155-ABBB-4CEA-9843-D884A395B1ED}.Release|x86.Build.0 = Release|Any CPU
		{FDF2B756-3B81-4B9D-84D7-1781C3421982}.Debug|Any CPU.ActiveCfg = Debug|Any CPU
		{FDF2B756-3B81-4B9D-84D7-1781C3421982}.Debug|Any CPU.Build.0 = Debug|Any CPU
		{FDF2B756-3B81-4B9D-84D7-1781C3421982}.Debug|x64.ActiveCfg = Debug|Any CPU
		{FDF2B756-3B81-4B9D-84D7-1781C3421982}.Debug|x64.Build.0 = Debug|Any CPU
		{FDF2B756-3B81-4B9D-84D7-1781C3421982}.Debug|x86.ActiveCfg = Debug|Any CPU
		{FDF2B756-3B81-4B9D-84D7-1781C3421982}.Debug|x86.Build.0 = Debug|Any CPU
		{FDF2B756-3B81-4B9D-84D7-1781C3421982}.Release|Any CPU.ActiveCfg = Release|Any CPU
		{FDF2B756-3B81-4B9D-84D7-1781C3421982}.Release|Any CPU.Build.0 = Release|Any CPU
		{FDF2B756-3B81-4B9D-84D7-1781C3421982}.Release|x64.ActiveCfg = Release|Any CPU
		{FDF2B756-3B81-4B9D-84D7-1781C3421982}.Release|x64.Build.0 = Release|Any CPU
		{FDF2B756-3B81-4B9D-84D7-1781C3421982}.Release|x86.ActiveCfg = Release|Any CPU
		{FDF2B756-3B81-4B9D-84D7-1781C3421982}.Release|x86.Build.0 = Release|Any CPU
		{A5AF2E7D-E807-4CFD-A1A1-F827B2B72B78}.Debug|Any CPU.ActiveCfg = Debug|Any CPU
		{A5AF2E7D-E807-4CFD-A1A1-F827B2B72B78}.Debug|Any CPU.Build.0 = Debug|Any CPU
		{A5AF2E7D-E807-4CFD-A1A1-F827B2B72B78}.Debug|x64.ActiveCfg = Debug|Any CPU
		{A5AF2E7D-E807-4CFD-A1A1-F827B2B72B78}.Debug|x64.Build.0 = Debug|Any CPU
		{A5AF2E7D-E807-4CFD-A1A1-F827B2B72B78}.Debug|x86.ActiveCfg = Debug|Any CPU
		{A5AF2E7D-E807-4CFD-A1A1-F827B2B72B78}.Debug|x86.Build.0 = Debug|Any CPU
		{A5AF2E7D-E807-4CFD-A1A1-F827B2B72B78}.Release|Any CPU.ActiveCfg = Release|Any CPU
		{A5AF2E7D-E807-4CFD-A1A1-F827B2B72B78}.Release|Any CPU.Build.0 = Release|Any CPU
		{A5AF2E7D-E807-4CFD-A1A1-F827B2B72B78}.Release|x64.ActiveCfg = Release|Any CPU
		{A5AF2E7D-E807-4CFD-A1A1-F827B2B72B78}.Release|x64.Build.0 = Release|Any CPU
		{A5AF2E7D-E807-4CFD-A1A1-F827B2B72B78}.Release|x86.ActiveCfg = Release|Any CPU
		{A5AF2E7D-E807-4CFD-A1A1-F827B2B72B78}.Release|x86.Build.0 = Release|Any CPU
		{50358134-51EB-4C54-B7B6-0ED810474DA9}.Debug|Any CPU.ActiveCfg = Debug|Any CPU
		{50358134-51EB-4C54-B7B6-0ED810474DA9}.Debug|Any CPU.Build.0 = Debug|Any CPU
		{50358134-51EB-4C54-B7B6-0ED810474DA9}.Debug|x64.ActiveCfg = Debug|Any CPU
		{50358134-51EB-4C54-B7B6-0ED810474DA9}.Debug|x64.Build.0 = Debug|Any CPU
		{50358134-51EB-4C54-B7B6-0ED810474DA9}.Debug|x86.ActiveCfg = Debug|Any CPU
		{50358134-51EB-4C54-B7B6-0ED810474DA9}.Debug|x86.Build.0 = Debug|Any CPU
		{50358134-51EB-4C54-B7B6-0ED810474DA9}.Release|Any CPU.ActiveCfg = Release|Any CPU
		{50358134-51EB-4C54-B7B6-0ED810474DA9}.Release|Any CPU.Build.0 = Release|Any CPU
		{50358134-51EB-4C54-B7B6-0ED810474DA9}.Release|x64.ActiveCfg = Release|Any CPU
		{50358134-51EB-4C54-B7B6-0ED810474DA9}.Release|x64.Build.0 = Release|Any CPU
		{50358134-51EB-4C54-B7B6-0ED810474DA9}.Release|x86.ActiveCfg = Release|Any CPU
		{50358134-51EB-4C54-B7B6-0ED810474DA9}.Release|x86.Build.0 = Release|Any CPU
		{2367691B-598C-4E09-A9BF-EEE06B136228}.Debug|Any CPU.ActiveCfg = Debug|Any CPU
		{2367691B-598C-4E09-A9BF-EEE06B136228}.Debug|Any CPU.Build.0 = Debug|Any CPU
		{2367691B-598C-4E09-A9BF-EEE06B136228}.Debug|x64.ActiveCfg = Debug|Any CPU
		{2367691B-598C-4E09-A9BF-EEE06B136228}.Debug|x64.Build.0 = Debug|Any CPU
		{2367691B-598C-4E09-A9BF-EEE06B136228}.Debug|x86.ActiveCfg = Debug|Any CPU
		{2367691B-598C-4E09-A9BF-EEE06B136228}.Debug|x86.Build.0 = Debug|Any CPU
		{2367691B-598C-4E09-A9BF-EEE06B136228}.Release|Any CPU.ActiveCfg = Release|Any CPU
		{2367691B-598C-4E09-A9BF-EEE06B136228}.Release|Any CPU.Build.0 = Release|Any CPU
		{2367691B-598C-4E09-A9BF-EEE06B136228}.Release|x64.ActiveCfg = Release|Any CPU
		{2367691B-598C-4E09-A9BF-EEE06B136228}.Release|x64.Build.0 = Release|Any CPU
		{2367691B-598C-4E09-A9BF-EEE06B136228}.Release|x86.ActiveCfg = Release|Any CPU
		{2367691B-598C-4E09-A9BF-EEE06B136228}.Release|x86.Build.0 = Release|Any CPU
		{259A8B8C-41A8-424A-97CF-498A8D6A8F25}.Debug|Any CPU.ActiveCfg = Debug|Any CPU
		{259A8B8C-41A8-424A-97CF-498A8D6A8F25}.Debug|Any CPU.Build.0 = Debug|Any CPU
		{259A8B8C-41A8-424A-97CF-498A8D6A8F25}.Debug|x64.ActiveCfg = Debug|Any CPU
		{259A8B8C-41A8-424A-97CF-498A8D6A8F25}.Debug|x64.Build.0 = Debug|Any CPU
		{259A8B8C-41A8-424A-97CF-498A8D6A8F25}.Debug|x86.ActiveCfg = Debug|Any CPU
		{259A8B8C-41A8-424A-97CF-498A8D6A8F25}.Debug|x86.Build.0 = Debug|Any CPU
		{259A8B8C-41A8-424A-97CF-498A8D6A8F25}.Release|Any CPU.ActiveCfg = Release|Any CPU
		{259A8B8C-41A8-424A-97CF-498A8D6A8F25}.Release|Any CPU.Build.0 = Release|Any CPU
		{259A8B8C-41A8-424A-97CF-498A8D6A8F25}.Release|x64.ActiveCfg = Release|Any CPU
		{259A8B8C-41A8-424A-97CF-498A8D6A8F25}.Release|x64.Build.0 = Release|Any CPU
		{259A8B8C-41A8-424A-97CF-498A8D6A8F25}.Release|x86.ActiveCfg = Release|Any CPU
		{259A8B8C-41A8-424A-97CF-498A8D6A8F25}.Release|x86.Build.0 = Release|Any CPU
		{ADEAD332-ADFA-49AA-9D03-280AA663E168}.Debug|Any CPU.ActiveCfg = Debug|Any CPU
		{ADEAD332-ADFA-49AA-9D03-280AA663E168}.Debug|Any CPU.Build.0 = Debug|Any CPU
		{ADEAD332-ADFA-49AA-9D03-280AA663E168}.Debug|x64.ActiveCfg = Debug|Any CPU
		{ADEAD332-ADFA-49AA-9D03-280AA663E168}.Debug|x64.Build.0 = Debug|Any CPU
		{ADEAD332-ADFA-49AA-9D03-280AA663E168}.Debug|x86.ActiveCfg = Debug|Any CPU
		{ADEAD332-ADFA-49AA-9D03-280AA663E168}.Debug|x86.Build.0 = Debug|Any CPU
		{ADEAD332-ADFA-49AA-9D03-280AA663E168}.Release|Any CPU.ActiveCfg = Release|Any CPU
		{ADEAD332-ADFA-49AA-9D03-280AA663E168}.Release|Any CPU.Build.0 = Release|Any CPU
		{ADEAD332-ADFA-49AA-9D03-280AA663E168}.Release|x64.ActiveCfg = Release|Any CPU
		{ADEAD332-ADFA-49AA-9D03-280AA663E168}.Release|x64.Build.0 = Release|Any CPU
		{ADEAD332-ADFA-49AA-9D03-280AA663E168}.Release|x86.ActiveCfg = Release|Any CPU
		{ADEAD332-ADFA-49AA-9D03-280AA663E168}.Release|x86.Build.0 = Release|Any CPU
	EndGlobalSection
	GlobalSection(SolutionProperties) = preSolution
		HideSolutionNode = FALSE
	EndGlobalSection
	GlobalSection(ExtensibilityGlobals) = postSolution
		SolutionGuid = {E33FC77C-5286-4902-9491-B26063B6B11F}
	EndGlobalSection
EndGlobal
